
<<<<<<< HEAD:Test_2/Test_2.sln
Microsoft Visual Studio Solution File, Format Version 12.00
# Visual Studio 15
Project("{FAE04EC0-301F-11D3-BF4B-00C04F79EFBC}") = "Assembly-CSharp", "Assembly-CSharp.csproj", "{069A95AC-1BD7-65DD-1AB3-B52237BD0B6C}"
EndProject
=======
Microsoft Visual Studio Solution File, Format Version 11.00
# Visual Studio 2010

>>>>>>> e4dda00e3beecfad4dc1a36735916ad93f648dfb:New_Rofl/New_Rofl.sln
Global
	GlobalSection(SolutionConfigurationPlatforms) = preSolution
		Debug|Any CPU = Debug|Any CPU
		Release|Any CPU = Release|Any CPU
	EndGlobalSection
	GlobalSection(ProjectConfigurationPlatforms) = postSolution

	EndGlobalSection
	GlobalSection(SolutionProperties) = preSolution
		HideSolutionNode = FALSE
	EndGlobalSection
EndGlobal
